
Microsoft Visual Studio Solution File, Format Version 12.00
# Visual Studio Version 16
VisualStudioVersion = 16.0.31025.218
MinimumVisualStudioVersion = 10.0.40219.1
Project("{FAE04EC0-301F-11D3-BF4B-00C04F79EFBC}") = "OctoatApp", "OctoatApp\OctoatApp.csproj", "{E1CBE926-0C40-4A3E-BA69-30C90848F28A}"
EndProject
Global
	GlobalSection(SolutionConfigurationPlatforms) = preSolution
		Debug|Any CPU = Debug|Any CPU
		Release|Any CPU = Release|Any CPU
	EndGlobalSection
	GlobalSection(ProjectConfigurationPlatforms) = postSolution
		{E1CBE926-0C40-4A3E-BA69-30C90848F28A}.Debug|Any CPU.ActiveCfg = Debug|Any CPU
		{E1CBE926-0C40-4A3E-BA69-30C90848F28A}.Debug|Any CPU.Build.0 = Debug|Any CPU
		{E1CBE926-0C40-4A3E-BA69-30C90848F28A}.Release|Any CPU.ActiveCfg = Release|Any CPU
		{E1CBE926-0C40-4A3E-BA69-30C90848F28A}.Release|Any CPU.Build.0 = Release|Any CPU
	EndGlobalSection
	GlobalSection(SolutionProperties) = preSolution
		HideSolutionNode = FALSE
	EndGlobalSection
	GlobalSection(ExtensibilityGlobals) = postSolution
		SolutionGuid = {C66DD82D-25B5-4245-8E68-D674A0C50DA9}
	EndGlobalSection
EndGlobal
